
Microsoft Visual Studio Solution File, Format Version 12.00
# Visual Studio Version 17
VisualStudioVersion = 17.9.34701.34
MinimumVisualStudioVersion = 10.0.40219.1
Project("{FAE04EC0-301F-11D3-BF4B-00C04F79EFBC}") = "RealEstate_Dapper_Api", "RealEstate_Dapper_Api\RealEstate_Dapper_Api.csproj", "{00176945-F8CA-4C8B-B795-A6048D73B2FE}"
EndProject
Project("{FAE04EC0-301F-11D3-BF4B-00C04F79EFBC}") = "RealEstate_Dapper_UI", "RealEstate_Dapper_UI\RealEstate_Dapper_UI.csproj", "{BD6097E1-F482-4B97-B500-D67F58131BF3}"
EndProject
Global
	GlobalSection(SolutionConfigurationPlatforms) = preSolution
		Debug|Any CPU = Debug|Any CPU
		Release|Any CPU = Release|Any CPU
	EndGlobalSection
	GlobalSection(ProjectConfigurationPlatforms) = postSolution
		{00176945-F8CA-4C8B-B795-A6048D73B2FE}.Debug|Any CPU.ActiveCfg = Debug|Any CPU
		{00176945-F8CA-4C8B-B795-A6048D73B2FE}.Debug|Any CPU.Build.0 = Debug|Any CPU
		{00176945-F8CA-4C8B-B795-A6048D73B2FE}.Release|Any CPU.ActiveCfg = Release|Any CPU
		{00176945-F8CA-4C8B-B795-A6048D73B2FE}.Release|Any CPU.Build.0 = Release|Any CPU
		{BD6097E1-F482-4B97-B500-D67F58131BF3}.Debug|Any CPU.ActiveCfg = Debug|Any CPU
		{BD6097E1-F482-4B97-B500-D67F58131BF3}.Debug|Any CPU.Build.0 = Debug|Any CPU
		{BD6097E1-F482-4B97-B500-D67F58131BF3}.Release|Any CPU.ActiveCfg = Release|Any CPU
		{BD6097E1-F482-4B97-B500-D67F58131BF3}.Release|Any CPU.Build.0 = Release|Any CPU
	EndGlobalSection
	GlobalSection(SolutionProperties) = preSolution
		HideSolutionNode = FALSE
	EndGlobalSection
	GlobalSection(ExtensibilityGlobals) = postSolution
		SolutionGuid = {9BABE1B6-D3B6-4555-BE4A-F1ED222C6124}
	EndGlobalSection
EndGlobal
